
Microsoft Visual Studio Solution File, Format Version 12.00
# Visual Studio Version 17
VisualStudioVersion = 17.9.34714.143
MinimumVisualStudioVersion = 10.0.40219.1
Project("{FAE04EC0-301F-11D3-BF4B-00C04F79EFBC}") = "LeetCodeTraining", "LeetCodeTraining\LeetCodeTraining.csproj", "{44E32C51-D02D-4B13-9D4E-FFEC62AD530C}"
EndProject
Project("{FAE04EC0-301F-11D3-BF4B-00C04F79EFBC}") = "LeetCodeTraining.Tests", "LeetCodeTraining.Tests\LeetCodeTraining.Tests.csproj", "{67021A41-3E9F-45C9-A743-9CB0E4D19527}"
EndProject
Global
	GlobalSection(SolutionConfigurationPlatforms) = preSolution
		Debug|Any CPU = Debug|Any CPU
		Release|Any CPU = Release|Any CPU
	EndGlobalSection
	GlobalSection(ProjectConfigurationPlatforms) = postSolution
		{44E32C51-D02D-4B13-9D4E-FFEC62AD530C}.Debug|Any CPU.ActiveCfg = Debug|Any CPU
		{44E32C51-D02D-4B13-9D4E-FFEC62AD530C}.Debug|Any CPU.Build.0 = Debug|Any CPU
		{44E32C51-D02D-4B13-9D4E-FFEC62AD530C}.Release|Any CPU.ActiveCfg = Release|Any CPU
		{44E32C51-D02D-4B13-9D4E-FFEC62AD530C}.Release|Any CPU.Build.0 = Release|Any CPU
		{67021A41-3E9F-45C9-A743-9CB0E4D19527}.Debug|Any CPU.ActiveCfg = Debug|Any CPU
		{67021A41-3E9F-45C9-A743-9CB0E4D19527}.Debug|Any CPU.Build.0 = Debug|Any CPU
		{67021A41-3E9F-45C9-A743-9CB0E4D19527}.Release|Any CPU.ActiveCfg = Release|Any CPU
		{67021A41-3E9F-45C9-A743-9CB0E4D19527}.Release|Any CPU.Build.0 = Release|Any CPU
	EndGlobalSection
	GlobalSection(SolutionProperties) = preSolution
		HideSolutionNode = FALSE
	EndGlobalSection
	GlobalSection(ExtensibilityGlobals) = postSolution
		SolutionGuid = {68C5EF1D-8352-46A9-B772-42E4CB54FB65}
	EndGlobalSection
EndGlobal
